// !$*UTF8*$!
{
	archiveVersion = 1;
	classes = {
	};
	objectVersion = 50;
	objects = {

/* Begin PBXBuildFile section */
		605A961A69F2D60F7E851582 /* Pods_Chat_Test_Chat_TestUITests.framework in Frameworks */ = {isa = PBXBuildFile; fileRef = F41DE7B2E9EFB4C7C4AA5524 /* Pods_Chat_Test_Chat_TestUITests.framework */; };
		6FFFE696AF1F5B42F47D1144 /* Pods_Chat_Test.framework in Frameworks */ = {isa = PBXBuildFile; fileRef = B217252F3DA14F9C74B79244 /* Pods_Chat_Test.framework */; };
		A56FFAC52528C04A00333312 /* AppDelegate.swift in Sources */ = {isa = PBXBuildFile; fileRef = A56FFAC42528C04A00333312 /* AppDelegate.swift */; };
		A56FFAC72528C04A00333312 /* SceneDelegate.swift in Sources */ = {isa = PBXBuildFile; fileRef = A56FFAC62528C04A00333312 /* SceneDelegate.swift */; };
		A56FFAC92528C04A00333312 /* ViewController.swift in Sources */ = {isa = PBXBuildFile; fileRef = A56FFAC82528C04A00333312 /* ViewController.swift */; };
		A56FFACC2528C04A00333312 /* Main.storyboard in Resources */ = {isa = PBXBuildFile; fileRef = A56FFACA2528C04A00333312 /* Main.storyboard */; };
		A56FFACE2528C04C00333312 /* Assets.xcassets in Resources */ = {isa = PBXBuildFile; fileRef = A56FFACD2528C04C00333312 /* Assets.xcassets */; };
		A56FFAD12528C04C00333312 /* LaunchScreen.storyboard in Resources */ = {isa = PBXBuildFile; fileRef = A56FFACF2528C04C00333312 /* LaunchScreen.storyboard */; };
		A56FFADC2528C04C00333312 /* Chat_TestTests.swift in Sources */ = {isa = PBXBuildFile; fileRef = A56FFADB2528C04C00333312 /* Chat_TestTests.swift */; };
		A56FFAE72528C04C00333312 /* Chat_TestUITests.swift in Sources */ = {isa = PBXBuildFile; fileRef = A56FFAE62528C04C00333312 /* Chat_TestUITests.swift */; };
		A5AC487F2529A7F40054B9AD /* FirebaseDataService.swift in Sources */ = {isa = PBXBuildFile; fileRef = A5AC487E2529A7F40054B9AD /* FirebaseDataService.swift */; };
		C8B14A4B41E2C5686C0238D1 /* Pods_Chat_TestTests.framework in Frameworks */ = {isa = PBXBuildFile; fileRef = 7A2F4F93316AB92A75190A0E /* Pods_Chat_TestTests.framework */; };
/* End PBXBuildFile section */

/* Begin PBXContainerItemProxy section */
		A56FFAD82528C04C00333312 /* PBXContainerItemProxy */ = {
			isa = PBXContainerItemProxy;
			containerPortal = A56FFAB92528C04A00333312 /* Project object */;
			proxyType = 1;
			remoteGlobalIDString = A56FFAC02528C04A00333312;
			remoteInfo = "Chat-Test";
		};
		A56FFAE32528C04C00333312 /* PBXContainerItemProxy */ = {
			isa = PBXContainerItemProxy;
			containerPortal = A56FFAB92528C04A00333312 /* Project object */;
			proxyType = 1;
			remoteGlobalIDString = A56FFAC02528C04A00333312;
			remoteInfo = "Chat-Test";
		};
/* End PBXContainerItemProxy section */

/* Begin PBXFileReference section */
		09CE2818715A6FBE8140D514 /* Pods-Chat-TestTests.debug.xcconfig */ = {isa = PBXFileReference; includeInIndex = 1; lastKnownFileType = text.xcconfig; name = "Pods-Chat-TestTests.debug.xcconfig"; path = "Target Support Files/Pods-Chat-TestTests/Pods-Chat-TestTests.debug.xcconfig"; sourceTree = "<group>"; };
		4F86A89F4EE03A0A80C36FDE /* Pods-Chat-Test-Chat-TestUITests.release.xcconfig */ = {isa = PBXFileReference; includeInIndex = 1; lastKnownFileType = text.xcconfig; name = "Pods-Chat-Test-Chat-TestUITests.release.xcconfig"; path = "Target Support Files/Pods-Chat-Test-Chat-TestUITests/Pods-Chat-Test-Chat-TestUITests.release.xcconfig"; sourceTree = "<group>"; };
		564FB25020D2E5F7CD29B23C /* Pods-Chat-TestTests.release.xcconfig */ = {isa = PBXFileReference; includeInIndex = 1; lastKnownFileType = text.xcconfig; name = "Pods-Chat-TestTests.release.xcconfig"; path = "Target Support Files/Pods-Chat-TestTests/Pods-Chat-TestTests.release.xcconfig"; sourceTree = "<group>"; };
		7A2F4F93316AB92A75190A0E /* Pods_Chat_TestTests.framework */ = {isa = PBXFileReference; explicitFileType = wrapper.framework; includeInIndex = 0; path = Pods_Chat_TestTests.framework; sourceTree = BUILT_PRODUCTS_DIR; };
		A56FFAC12528C04A00333312 /* Chat-Test.app */ = {isa = PBXFileReference; explicitFileType = wrapper.application; includeInIndex = 0; path = "Chat-Test.app"; sourceTree = BUILT_PRODUCTS_DIR; };
		A56FFAC42528C04A00333312 /* AppDelegate.swift */ = {isa = PBXFileReference; lastKnownFileType = sourcecode.swift; path = AppDelegate.swift; sourceTree = "<group>"; };
		A56FFAC62528C04A00333312 /* SceneDelegate.swift */ = {isa = PBXFileReference; lastKnownFileType = sourcecode.swift; path = SceneDelegate.swift; sourceTree = "<group>"; };
		A56FFAC82528C04A00333312 /* ViewController.swift */ = {isa = PBXFileReference; lastKnownFileType = sourcecode.swift; path = ViewController.swift; sourceTree = "<group>"; };
		A56FFACB2528C04A00333312 /* Base */ = {isa = PBXFileReference; lastKnownFileType = file.storyboard; name = Base; path = Base.lproj/Main.storyboard; sourceTree = "<group>"; };
		A56FFACD2528C04C00333312 /* Assets.xcassets */ = {isa = PBXFileReference; lastKnownFileType = folder.assetcatalog; path = Assets.xcassets; sourceTree = "<group>"; };
		A56FFAD02528C04C00333312 /* Base */ = {isa = PBXFileReference; lastKnownFileType = file.storyboard; name = Base; path = Base.lproj/LaunchScreen.storyboard; sourceTree = "<group>"; };
		A56FFAD22528C04C00333312 /* Info.plist */ = {isa = PBXFileReference; lastKnownFileType = text.plist.xml; path = Info.plist; sourceTree = "<group>"; };
		A56FFAD72528C04C00333312 /* Chat-TestTests.xctest */ = {isa = PBXFileReference; explicitFileType = wrapper.cfbundle; includeInIndex = 0; path = "Chat-TestTests.xctest"; sourceTree = BUILT_PRODUCTS_DIR; };
		A56FFADB2528C04C00333312 /* Chat_TestTests.swift */ = {isa = PBXFileReference; lastKnownFileType = sourcecode.swift; path = Chat_TestTests.swift; sourceTree = "<group>"; };
		A56FFADD2528C04C00333312 /* Info.plist */ = {isa = PBXFileReference; lastKnownFileType = text.plist.xml; path = Info.plist; sourceTree = "<group>"; };
		A56FFAE22528C04C00333312 /* Chat-TestUITests.xctest */ = {isa = PBXFileReference; explicitFileType = wrapper.cfbundle; includeInIndex = 0; path = "Chat-TestUITests.xctest"; sourceTree = BUILT_PRODUCTS_DIR; };
		A56FFAE62528C04C00333312 /* Chat_TestUITests.swift */ = {isa = PBXFileReference; lastKnownFileType = sourcecode.swift; path = Chat_TestUITests.swift; sourceTree = "<group>"; };
		A56FFAE82528C04C00333312 /* Info.plist */ = {isa = PBXFileReference; lastKnownFileType = text.plist.xml; path = Info.plist; sourceTree = "<group>"; };
		A5AC487E2529A7F40054B9AD /* FirebaseDataService.swift */ = {isa = PBXFileReference; lastKnownFileType = sourcecode.swift; path = FirebaseDataService.swift; sourceTree = "<group>"; };
		B217252F3DA14F9C74B79244 /* Pods_Chat_Test.framework */ = {isa = PBXFileReference; explicitFileType = wrapper.framework; includeInIndex = 0; path = Pods_Chat_Test.framework; sourceTree = BUILT_PRODUCTS_DIR; };
		E63517541DA1B6A2E2A19ABA /* Pods-Chat-Test.release.xcconfig */ = {isa = PBXFileReference; includeInIndex = 1; lastKnownFileType = text.xcconfig; name = "Pods-Chat-Test.release.xcconfig"; path = "Target Support Files/Pods-Chat-Test/Pods-Chat-Test.release.xcconfig"; sourceTree = "<group>"; };
		EA25B2D3959880F5731A99FE /* Pods-Chat-Test.debug.xcconfig */ = {isa = PBXFileReference; includeInIndex = 1; lastKnownFileType = text.xcconfig; name = "Pods-Chat-Test.debug.xcconfig"; path = "Target Support Files/Pods-Chat-Test/Pods-Chat-Test.debug.xcconfig"; sourceTree = "<group>"; };
		F41DE7B2E9EFB4C7C4AA5524 /* Pods_Chat_Test_Chat_TestUITests.framework */ = {isa = PBXFileReference; explicitFileType = wrapper.framework; includeInIndex = 0; path = Pods_Chat_Test_Chat_TestUITests.framework; sourceTree = BUILT_PRODUCTS_DIR; };
		F55203DB2D6DFE72D99C0BA1 /* Pods-Chat-Test-Chat-TestUITests.debug.xcconfig */ = {isa = PBXFileReference; includeInIndex = 1; lastKnownFileType = text.xcconfig; name = "Pods-Chat-Test-Chat-TestUITests.debug.xcconfig"; path = "Target Support Files/Pods-Chat-Test-Chat-TestUITests/Pods-Chat-Test-Chat-TestUITests.debug.xcconfig"; sourceTree = "<group>"; };
/* End PBXFileReference section */

/* Begin PBXFrameworksBuildPhase section */
		A56FFABE2528C04A00333312 /* Frameworks */ = {
			isa = PBXFrameworksBuildPhase;
			buildActionMask = 2147483647;
			files = (
				6FFFE696AF1F5B42F47D1144 /* Pods_Chat_Test.framework in Frameworks */,
			);
			runOnlyForDeploymentPostprocessing = 0;
		};
		A56FFAD42528C04C00333312 /* Frameworks */ = {
			isa = PBXFrameworksBuildPhase;
			buildActionMask = 2147483647;
			files = (
				C8B14A4B41E2C5686C0238D1 /* Pods_Chat_TestTests.framework in Frameworks */,
			);
			runOnlyForDeploymentPostprocessing = 0;
		};
		A56FFADF2528C04C00333312 /* Frameworks */ = {
			isa = PBXFrameworksBuildPhase;
			buildActionMask = 2147483647;
			files = (
				605A961A69F2D60F7E851582 /* Pods_Chat_Test_Chat_TestUITests.framework in Frameworks */,
			);
			runOnlyForDeploymentPostprocessing = 0;
		};
/* End PBXFrameworksBuildPhase section */

/* Begin PBXGroup section */
		8EC5FE9D7C54462492B46E52 /* Pods */ = {
			isa = PBXGroup;
			children = (
				EA25B2D3959880F5731A99FE /* Pods-Chat-Test.debug.xcconfig */,
				E63517541DA1B6A2E2A19ABA /* Pods-Chat-Test.release.xcconfig */,
				F55203DB2D6DFE72D99C0BA1 /* Pods-Chat-Test-Chat-TestUITests.debug.xcconfig */,
				4F86A89F4EE03A0A80C36FDE /* Pods-Chat-Test-Chat-TestUITests.release.xcconfig */,
				09CE2818715A6FBE8140D514 /* Pods-Chat-TestTests.debug.xcconfig */,
				564FB25020D2E5F7CD29B23C /* Pods-Chat-TestTests.release.xcconfig */,
			);
			name = Pods;
			path = Pods;
			sourceTree = "<group>";
		};
		A56FFAB82528C04A00333312 = {
			isa = PBXGroup;
			children = (
				A56FFAC32528C04A00333312 /* Chat-Test */,
				A56FFADA2528C04C00333312 /* Chat-TestTests */,
				A56FFAE52528C04C00333312 /* Chat-TestUITests */,
				A56FFAC22528C04A00333312 /* Products */,
				8EC5FE9D7C54462492B46E52 /* Pods */,
				D371B6B91F6B50D9D07A20AF /* Frameworks */,
			);
			sourceTree = "<group>";
		};
		A56FFAC22528C04A00333312 /* Products */ = {
			isa = PBXGroup;
			children = (
				A56FFAC12528C04A00333312 /* Chat-Test.app */,
				A56FFAD72528C04C00333312 /* Chat-TestTests.xctest */,
				A56FFAE22528C04C00333312 /* Chat-TestUITests.xctest */,
			);
			name = Products;
			sourceTree = "<group>";
		};
		A56FFAC32528C04A00333312 /* Chat-Test */ = {
			isa = PBXGroup;
			children = (
				A56FFAC42528C04A00333312 /* AppDelegate.swift */,
				A56FFAC62528C04A00333312 /* SceneDelegate.swift */,
				A56FFAC82528C04A00333312 /* ViewController.swift */,
				A56FFACA2528C04A00333312 /* Main.storyboard */,
				A56FFACD2528C04C00333312 /* Assets.xcassets */,
				A56FFACF2528C04C00333312 /* LaunchScreen.storyboard */,
				A56FFAD22528C04C00333312 /* Info.plist */,
				A5AC487E2529A7F40054B9AD /* FirebaseDataService.swift */,
			);
			path = "Chat-Test";
			sourceTree = "<group>";
		};
		A56FFADA2528C04C00333312 /* Chat-TestTests */ = {
			isa = PBXGroup;
			children = (
				A56FFADB2528C04C00333312 /* Chat_TestTests.swift */,
				A56FFADD2528C04C00333312 /* Info.plist */,
			);
			path = "Chat-TestTests";
			sourceTree = "<group>";
		};
		A56FFAE52528C04C00333312 /* Chat-TestUITests */ = {
			isa = PBXGroup;
			children = (
				A56FFAE62528C04C00333312 /* Chat_TestUITests.swift */,
				A56FFAE82528C04C00333312 /* Info.plist */,
			);
			path = "Chat-TestUITests";
			sourceTree = "<group>";
		};
		D371B6B91F6B50D9D07A20AF /* Frameworks */ = {
			isa = PBXGroup;
			children = (
				B217252F3DA14F9C74B79244 /* Pods_Chat_Test.framework */,
				F41DE7B2E9EFB4C7C4AA5524 /* Pods_Chat_Test_Chat_TestUITests.framework */,
				7A2F4F93316AB92A75190A0E /* Pods_Chat_TestTests.framework */,
			);
			name = Frameworks;
			sourceTree = "<group>";
		};
/* End PBXGroup section */

/* Begin PBXNativeTarget section */
		A56FFAC02528C04A00333312 /* Chat-Test */ = {
			isa = PBXNativeTarget;
			buildConfigurationList = A56FFAEB2528C04C00333312 /* Build configuration list for PBXNativeTarget "Chat-Test" */;
			buildPhases = (
				543C925A9CE8C08AB4EC8F17 /* [CP] Check Pods Manifest.lock */,
				A56FFABD2528C04A00333312 /* Sources */,
				A56FFABE2528C04A00333312 /* Frameworks */,
				A56FFABF2528C04A00333312 /* Resources */,
				82E70DB761871EE6782B6B00 /* [CP] Embed Pods Frameworks */,
			);
			buildRules = (
			);
			dependencies = (
			);
			name = "Chat-Test";
			productName = "Chat-Test";
			productReference = A56FFAC12528C04A00333312 /* Chat-Test.app */;
			productType = "com.apple.product-type.application";
		};
		A56FFAD62528C04C00333312 /* Chat-TestTests */ = {
			isa = PBXNativeTarget;
			buildConfigurationList = A56FFAEE2528C04C00333312 /* Build configuration list for PBXNativeTarget "Chat-TestTests" */;
			buildPhases = (
				15EF42CA9A24DEF3F4BB85A1 /* [CP] Check Pods Manifest.lock */,
				A56FFAD32528C04C00333312 /* Sources */,
				A56FFAD42528C04C00333312 /* Frameworks */,
				A56FFAD52528C04C00333312 /* Resources */,
			);
			buildRules = (
			);
			dependencies = (
				A56FFAD92528C04C00333312 /* PBXTargetDependency */,
			);
			name = "Chat-TestTests";
			productName = "Chat-TestTests";
			productReference = A56FFAD72528C04C00333312 /* Chat-TestTests.xctest */;
			productType = "com.apple.product-type.bundle.unit-test";
		};
		A56FFAE12528C04C00333312 /* Chat-TestUITests */ = {
			isa = PBXNativeTarget;
			buildConfigurationList = A56FFAF12528C04C00333312 /* Build configuration list for PBXNativeTarget "Chat-TestUITests" */;
			buildPhases = (
				28B60374AD0EAD23A9407E09 /* [CP] Check Pods Manifest.lock */,
				A56FFADE2528C04C00333312 /* Sources */,
				A56FFADF2528C04C00333312 /* Frameworks */,
				A56FFAE02528C04C00333312 /* Resources */,
				826000A8FEB3BE2F4BB9CE9C /* [CP] Embed Pods Frameworks */,
			);
			buildRules = (
			);
			dependencies = (
				A56FFAE42528C04C00333312 /* PBXTargetDependency */,
			);
			name = "Chat-TestUITests";
			productName = "Chat-TestUITests";
			productReference = A56FFAE22528C04C00333312 /* Chat-TestUITests.xctest */;
			productType = "com.apple.product-type.bundle.ui-testing";
		};
/* End PBXNativeTarget section */

/* Begin PBXProject section */
		A56FFAB92528C04A00333312 /* Project object */ = {
			isa = PBXProject;
			attributes = {
				LastSwiftUpdateCheck = 1200;
				LastUpgradeCheck = 1200;
				TargetAttributes = {
					A56FFAC02528C04A00333312 = {
						CreatedOnToolsVersion = 12.0;
					};
					A56FFAD62528C04C00333312 = {
						CreatedOnToolsVersion = 12.0;
						TestTargetID = A56FFAC02528C04A00333312;
					};
					A56FFAE12528C04C00333312 = {
						CreatedOnToolsVersion = 12.0;
						TestTargetID = A56FFAC02528C04A00333312;
					};
				};
			};
			buildConfigurationList = A56FFABC2528C04A00333312 /* Build configuration list for PBXProject "Chat-Test" */;
			compatibilityVersion = "Xcode 9.3";
			developmentRegion = en;
			hasScannedForEncodings = 0;
			knownRegions = (
				en,
				Base,
			);
			mainGroup = A56FFAB82528C04A00333312;
			productRefGroup = A56FFAC22528C04A00333312 /* Products */;
			projectDirPath = "";
			projectRoot = "";
			targets = (
				A56FFAC02528C04A00333312 /* Chat-Test */,
				A56FFAD62528C04C00333312 /* Chat-TestTests */,
				A56FFAE12528C04C00333312 /* Chat-TestUITests */,
			);
		};
/* End PBXProject section */

/* Begin PBXResourcesBuildPhase section */
		A56FFABF2528C04A00333312 /* Resources */ = {
			isa = PBXResourcesBuildPhase;
			buildActionMask = 2147483647;
			files = (
				A56FFAD12528C04C00333312 /* LaunchScreen.storyboard in Resources */,
				A56FFACE2528C04C00333312 /* Assets.xcassets in Resources */,
				A56FFACC2528C04A00333312 /* Main.storyboard in Resources */,
			);
			runOnlyForDeploymentPostprocessing = 0;
		};
		A56FFAD52528C04C00333312 /* Resources */ = {
			isa = PBXResourcesBuildPhase;
			buildActionMask = 2147483647;
			files = (
			);
			runOnlyForDeploymentPostprocessing = 0;
		};
		A56FFAE02528C04C00333312 /* Resources */ = {
			isa = PBXResourcesBuildPhase;
			buildActionMask = 2147483647;
			files = (
			);
			runOnlyForDeploymentPostprocessing = 0;
		};
/* End PBXResourcesBuildPhase section */

/* Begin PBXShellScriptBuildPhase section */
		15EF42CA9A24DEF3F4BB85A1 /* [CP] Check Pods Manifest.lock */ = {
			isa = PBXShellScriptBuildPhase;
			buildActionMask = 2147483647;
			files = (
			);
			inputFileListPaths = (
			);
			inputPaths = (
				"${PODS_PODFILE_DIR_PATH}/Podfile.lock",
				"${PODS_ROOT}/Manifest.lock",
			);
			name = "[CP] Check Pods Manifest.lock";
			outputFileListPaths = (
			);
			outputPaths = (
				"$(DERIVED_FILE_DIR)/Pods-Chat-TestTests-checkManifestLockResult.txt",
			);
			runOnlyForDeploymentPostprocessing = 0;
			shellPath = /bin/sh;
			shellScript = "diff \"${PODS_PODFILE_DIR_PATH}/Podfile.lock\" \"${PODS_ROOT}/Manifest.lock\" > /dev/null\nif [ $? != 0 ] ; then\n    # print error to STDERR\n    echo \"error: The sandbox is not in sync with the Podfile.lock. Run 'pod install' or update your CocoaPods installation.\" >&2\n    exit 1\nfi\n# This output is used by Xcode 'outputs' to avoid re-running this script phase.\necho \"SUCCESS\" > \"${SCRIPT_OUTPUT_FILE_0}\"\n";
			showEnvVarsInLog = 0;
		};
		28B60374AD0EAD23A9407E09 /* [CP] Check Pods Manifest.lock */ = {
			isa = PBXShellScriptBuildPhase;
			buildActionMask = 2147483647;
			files = (
			);
			inputFileListPaths = (
			);
			inputPaths = (
				"${PODS_PODFILE_DIR_PATH}/Podfile.lock",
				"${PODS_ROOT}/Manifest.lock",
			);
			name = "[CP] Check Pods Manifest.lock";
			outputFileListPaths = (
			);
			outputPaths = (
				"$(DERIVED_FILE_DIR)/Pods-Chat-Test-Chat-TestUITests-checkManifestLockResult.txt",
			);
			runOnlyForDeploymentPostprocessing = 0;
			shellPath = /bin/sh;
			shellScript = "diff \"${PODS_PODFILE_DIR_PATH}/Podfile.lock\" \"${PODS_ROOT}/Manifest.lock\" > /dev/null\nif [ $? != 0 ] ; then\n    # print error to STDERR\n    echo \"error: The sandbox is not in sync with the Podfile.lock. Run 'pod install' or update your CocoaPods installation.\" >&2\n    exit 1\nfi\n# This output is used by Xcode 'outputs' to avoid re-running this script phase.\necho \"SUCCESS\" > \"${SCRIPT_OUTPUT_FILE_0}\"\n";
			showEnvVarsInLog = 0;
		};
		543C925A9CE8C08AB4EC8F17 /* [CP] Check Pods Manifest.lock */ = {
			isa = PBXShellScriptBuildPhase;
			buildActionMask = 2147483647;
			files = (
			);
			inputFileListPaths = (
			);
			inputPaths = (
				"${PODS_PODFILE_DIR_PATH}/Podfile.lock",
				"${PODS_ROOT}/Manifest.lock",
			);
			name = "[CP] Check Pods Manifest.lock";
			outputFileListPaths = (
			);
			outputPaths = (
				"$(DERIVED_FILE_DIR)/Pods-Chat-Test-checkManifestLockResult.txt",
			);
			runOnlyForDeploymentPostprocessing = 0;
			shellPath = /bin/sh;
			shellScript = "diff \"${PODS_PODFILE_DIR_PATH}/Podfile.lock\" \"${PODS_ROOT}/Manifest.lock\" > /dev/null\nif [ $? != 0 ] ; then\n    # print error to STDERR\n    echo \"error: The sandbox is not in sync with the Podfile.lock. Run 'pod install' or update your CocoaPods installation.\" >&2\n    exit 1\nfi\n# This output is used by Xcode 'outputs' to avoid re-running this script phase.\necho \"SUCCESS\" > \"${SCRIPT_OUTPUT_FILE_0}\"\n";
			showEnvVarsInLog = 0;
		};
		826000A8FEB3BE2F4BB9CE9C /* [CP] Embed Pods Frameworks */ = {
			isa = PBXShellScriptBuildPhase;
			buildActionMask = 2147483647;
			files = (
			);
			inputFileListPaths = (
				"${PODS_ROOT}/Target Support Files/Pods-Chat-Test-Chat-TestUITests/Pods-Chat-Test-Chat-TestUITests-frameworks-${CONFIGURATION}-input-files.xcfilelist",
			);
			name = "[CP] Embed Pods Frameworks";
			outputFileListPaths = (
				"${PODS_ROOT}/Target Support Files/Pods-Chat-Test-Chat-TestUITests/Pods-Chat-Test-Chat-TestUITests-frameworks-${CONFIGURATION}-output-files.xcfilelist",
			);
			runOnlyForDeploymentPostprocessing = 0;
			shellPath = /bin/sh;
			shellScript = "\"${PODS_ROOT}/Target Support Files/Pods-Chat-Test-Chat-TestUITests/Pods-Chat-Test-Chat-TestUITests-frameworks.sh\"\n";
			showEnvVarsInLog = 0;
		};
		82E70DB761871EE6782B6B00 /* [CP] Embed Pods Frameworks */ = {
			isa = PBXShellScriptBuildPhase;
			buildActionMask = 2147483647;
			files = (
			);
			inputFileListPaths = (
				"${PODS_ROOT}/Target Support Files/Pods-Chat-Test/Pods-Chat-Test-frameworks-${CONFIGURATION}-input-files.xcfilelist",
			);
			name = "[CP] Embed Pods Frameworks";
			outputFileListPaths = (
				"${PODS_ROOT}/Target Support Files/Pods-Chat-Test/Pods-Chat-Test-frameworks-${CONFIGURATION}-output-files.xcfilelist",
			);
			runOnlyForDeploymentPostprocessing = 0;
			shellPath = /bin/sh;
			shellScript = "\"${PODS_ROOT}/Target Support Files/Pods-Chat-Test/Pods-Chat-Test-frameworks.sh\"\n";
			showEnvVarsInLog = 0;
		};
/* End PBXShellScriptBuildPhase section */

/* Begin PBXSourcesBuildPhase section */
		A56FFABD2528C04A00333312 /* Sources */ = {
			isa = PBXSourcesBuildPhase;
			buildActionMask = 2147483647;
			files = (
				A5AC487F2529A7F40054B9AD /* FirebaseDataService.swift in Sources */,
				A56FFAC92528C04A00333312 /* ViewController.swift in Sources */,
				A56FFAC52528C04A00333312 /* AppDelegate.swift in Sources */,
				A56FFAC72528C04A00333312 /* SceneDelegate.swift in Sources */,
			);
			runOnlyForDeploymentPostprocessing = 0;
		};
		A56FFAD32528C04C00333312 /* Sources */ = {
			isa = PBXSourcesBuildPhase;
			buildActionMask = 2147483647;
			files = (
				A56FFADC2528C04C00333312 /* Chat_TestTests.swift in Sources */,
			);
			runOnlyForDeploymentPostprocessing = 0;
		};
		A56FFADE2528C04C00333312 /* Sources */ = {
			isa = PBXSourcesBuildPhase;
			buildActionMask = 2147483647;
			files = (
				A56FFAE72528C04C00333312 /* Chat_TestUITests.swift in Sources */,
			);
			runOnlyForDeploymentPostprocessing = 0;
		};
/* End PBXSourcesBuildPhase section */

/* Begin PBXTargetDependency section */
		A56FFAD92528C04C00333312 /* PBXTargetDependency */ = {
			isa = PBXTargetDependency;
			target = A56FFAC02528C04A00333312 /* Chat-Test */;
			targetProxy = A56FFAD82528C04C00333312 /* PBXContainerItemProxy */;
		};
		A56FFAE42528C04C00333312 /* PBXTargetDependency */ = {
			isa = PBXTargetDependency;
			target = A56FFAC02528C04A00333312 /* Chat-Test */;
			targetProxy = A56FFAE32528C04C00333312 /* PBXContainerItemProxy */;
		};
/* End PBXTargetDependency section */

/* Begin PBXVariantGroup section */
		A56FFACA2528C04A00333312 /* Main.storyboard */ = {
			isa = PBXVariantGroup;
			children = (
				A56FFACB2528C04A00333312 /* Base */,
			);
			name = Main.storyboard;
			sourceTree = "<group>";
		};
		A56FFACF2528C04C00333312 /* LaunchScreen.storyboard */ = {
			isa = PBXVariantGroup;
			children = (
				A56FFAD02528C04C00333312 /* Base */,
			);
			name = LaunchScreen.storyboard;
			sourceTree = "<group>";
		};
/* End PBXVariantGroup section */

/* Begin XCBuildConfiguration section */
		A56FFAE92528C04C00333312 /* Debug */ = {
			isa = XCBuildConfiguration;
			buildSettings = {
				ALWAYS_SEARCH_USER_PATHS = NO;
				CLANG_ANALYZER_NONNULL = YES;
				CLANG_ANALYZER_NUMBER_OBJECT_CONVERSION = YES_AGGRESSIVE;
				CLANG_CXX_LANGUAGE_STANDARD = "gnu++14";
				CLANG_CXX_LIBRARY = "libc++";
				CLANG_ENABLE_MODULES = YES;
				CLANG_ENABLE_OBJC_ARC = YES;
				CLANG_ENABLE_OBJC_WEAK = YES;
				CLANG_WARN_BLOCK_CAPTURE_AUTORELEASING = YES;
				CLANG_WARN_BOOL_CONVERSION = YES;
				CLANG_WARN_COMMA = YES;
				CLANG_WARN_CONSTANT_CONVERSION = YES;
				CLANG_WARN_DEPRECATED_OBJC_IMPLEMENTATIONS = YES;
				CLANG_WARN_DIRECT_OBJC_ISA_USAGE = YES_ERROR;
				CLANG_WARN_DOCUMENTATION_COMMENTS = YES;
				CLANG_WARN_EMPTY_BODY = YES;
				CLANG_WARN_ENUM_CONVERSION = YES;
				CLANG_WARN_INFINITE_RECURSION = YES;
				CLANG_WARN_INT_CONVERSION = YES;
				CLANG_WARN_NON_LITERAL_NULL_CONVERSION = YES;
				CLANG_WARN_OBJC_IMPLICIT_RETAIN_SELF = YES;
				CLANG_WARN_OBJC_LITERAL_CONVERSION = YES;
				CLANG_WARN_OBJC_ROOT_CLASS = YES_ERROR;
				CLANG_WARN_QUOTED_INCLUDE_IN_FRAMEWORK_HEADER = YES;
				CLANG_WARN_RANGE_LOOP_ANALYSIS = YES;
				CLANG_WARN_STRICT_PROTOTYPES = YES;
				CLANG_WARN_SUSPICIOUS_MOVE = YES;
				CLANG_WARN_UNGUARDED_AVAILABILITY = YES_AGGRESSIVE;
				CLANG_WARN_UNREACHABLE_CODE = YES;
				CLANG_WARN__DUPLICATE_METHOD_MATCH = YES;
				COPY_PHASE_STRIP = NO;
				DEBUG_INFORMATION_FORMAT = dwarf;
				ENABLE_STRICT_OBJC_MSGSEND = YES;
				ENABLE_TESTABILITY = YES;
				GCC_C_LANGUAGE_STANDARD = gnu11;
				GCC_DYNAMIC_NO_PIC = NO;
				GCC_NO_COMMON_BLOCKS = YES;
				GCC_OPTIMIZATION_LEVEL = 0;
				GCC_PREPROCESSOR_DEFINITIONS = (
					"DEBUG=1",
					"$(inherited)",
				);
				GCC_WARN_64_TO_32_BIT_CONVERSION = YES;
				GCC_WARN_ABOUT_RETURN_TYPE = YES_ERROR;
				GCC_WARN_UNDECLARED_SELECTOR = YES;
				GCC_WARN_UNINITIALIZED_AUTOS = YES_AGGRESSIVE;
				GCC_WARN_UNUSED_FUNCTION = YES;
				GCC_WARN_UNUSED_VARIABLE = YES;
				IPHONEOS_DEPLOYMENT_TARGET = 14.0;
				MTL_ENABLE_DEBUG_INFO = INCLUDE_SOURCE;
				MTL_FAST_MATH = YES;
				ONLY_ACTIVE_ARCH = YES;
				SDKROOT = iphoneos;
				SWIFT_ACTIVE_COMPILATION_CONDITIONS = DEBUG;
				SWIFT_OPTIMIZATION_LEVEL = "-Onone";
			};
			name = Debug;
		};
		A56FFAEA2528C04C00333312 /* Release */ = {
			isa = XCBuildConfiguration;
			buildSettings = {
				ALWAYS_SEARCH_USER_PATHS = NO;
				CLANG_ANALYZER_NONNULL = YES;
				CLANG_ANALYZER_NUMBER_OBJECT_CONVERSION = YES_AGGRESSIVE;
				CLANG_CXX_LANGUAGE_STANDARD = "gnu++14";
				CLANG_CXX_LIBRARY = "libc++";
				CLANG_ENABLE_MODULES = YES;
				CLANG_ENABLE_OBJC_ARC = YES;
				CLANG_ENABLE_OBJC_WEAK = YES;
				CLANG_WARN_BLOCK_CAPTURE_AUTORELEASING = YES;
				CLANG_WARN_BOOL_CONVERSION = YES;
				CLANG_WARN_COMMA = YES;
				CLANG_WARN_CONSTANT_CONVERSION = YES;
				CLANG_WARN_DEPRECATED_OBJC_IMPLEMENTATIONS = YES;
				CLANG_WARN_DIRECT_OBJC_ISA_USAGE = YES_ERROR;
				CLANG_WARN_DOCUMENTATION_COMMENTS = YES;
				CLANG_WARN_EMPTY_BODY = YES;
				CLANG_WARN_ENUM_CONVERSION = YES;
				CLANG_WARN_INFINITE_RECURSION = YES;
				CLANG_WARN_INT_CONVERSION = YES;
				CLANG_WARN_NON_LITERAL_NULL_CONVERSION = YES;
				CLANG_WARN_OBJC_IMPLICIT_RETAIN_SELF = YES;
				CLANG_WARN_OBJC_LITERAL_CONVERSION = YES;
				CLANG_WARN_OBJC_ROOT_CLASS = YES_ERROR;
				CLANG_WARN_QUOTED_INCLUDE_IN_FRAMEWORK_HEADER = YES;
				CLANG_WARN_RANGE_LOOP_ANALYSIS = YES;
				CLANG_WARN_STRICT_PROTOTYPES = YES;
				CLANG_WARN_SUSPICIOUS_MOVE = YES;
				CLANG_WARN_UNGUARDED_AVAILABILITY = YES_AGGRESSIVE;
				CLANG_WARN_UNREACHABLE_CODE = YES;
				CLANG_WARN__DUPLICATE_METHOD_MATCH = YES;
				COPY_PHASE_STRIP = NO;
				DEBUG_INFORMATION_FORMAT = "dwarf-with-dsym";
				ENABLE_NS_ASSERTIONS = NO;
				ENABLE_STRICT_OBJC_MSGSEND = YES;
				GCC_C_LANGUAGE_STANDARD = gnu11;
				GCC_NO_COMMON_BLOCKS = YES;
				GCC_WARN_64_TO_32_BIT_CONVERSION = YES;
				GCC_WARN_ABOUT_RETURN_TYPE = YES_ERROR;
				GCC_WARN_UNDECLARED_SELECTOR = YES;
				GCC_WARN_UNINITIALIZED_AUTOS = YES_AGGRESSIVE;
				GCC_WARN_UNUSED_FUNCTION = YES;
				GCC_WARN_UNUSED_VARIABLE = YES;
				IPHONEOS_DEPLOYMENT_TARGET = 14.0;
				MTL_ENABLE_DEBUG_INFO = NO;
				MTL_FAST_MATH = YES;
				SDKROOT = iphoneos;
				SWIFT_COMPILATION_MODE = wholemodule;
				SWIFT_OPTIMIZATION_LEVEL = "-O";
				VALIDATE_PRODUCT = YES;
			};
			name = Release;
		};
		A56FFAEC2528C04C00333312 /* Debug */ = {
			isa = XCBuildConfiguration;
			baseConfigurationReference = EA25B2D3959880F5731A99FE /* Pods-Chat-Test.debug.xcconfig */;
			buildSettings = {
				ASSETCATALOG_COMPILER_APPICON_NAME = AppIcon;
				ASSETCATALOG_COMPILER_GLOBAL_ACCENT_COLOR_NAME = AccentColor;
				CODE_SIGN_STYLE = Automatic;
				DEVELOPMENT_TEAM = TG4L9MF5FD;
				INFOPLIST_FILE = "Chat-Test/Info.plist";
				LD_RUNPATH_SEARCH_PATHS = (
					"$(inherited)",
					"@executable_path/Frameworks",
				);
				PRODUCT_BUNDLE_IDENTIFIER = "com.onceagain.Chat-Test";
				PRODUCT_NAME = "$(TARGET_NAME)";
				SWIFT_VERSION = 5.0;
				TARGETED_DEVICE_FAMILY = "1,2";
			};
			name = Debug;
		};
		A56FFAED2528C04C00333312 /* Release */ = {
			isa = XCBuildConfiguration;
			baseConfigurationReference = E63517541DA1B6A2E2A19ABA /* Pods-Chat-Test.release.xcconfig */;
			buildSettings = {
				ASSETCATALOG_COMPILER_APPICON_NAME = AppIcon;
				ASSETCATALOG_COMPILER_GLOBAL_ACCENT_COLOR_NAME = AccentColor;
				CODE_SIGN_STYLE = Automatic;
				DEVELOPMENT_TEAM = TG4L9MF5FD;
				INFOPLIST_FILE = "Chat-Test/Info.plist";
				LD_RUNPATH_SEARCH_PATHS = (
					"$(inherited)",
					"@executable_path/Frameworks",
				);
				PRODUCT_BUNDLE_IDENTIFIER = "com.onceagain.Chat-Test";
				PRODUCT_NAME = "$(TARGET_NAME)";
				SWIFT_VERSION = 5.0;
				TARGETED_DEVICE_FAMILY = "1,2";
			};
			name = Release;
		};
		A56FFAEF2528C04C00333312 /* Debug */ = {
			isa = XCBuildConfiguration;
			baseConfigurationReference = 09CE2818715A6FBE8140D514 /* Pods-Chat-TestTests.debug.xcconfig */;
			buildSettings = {
				ALWAYS_EMBED_SWIFT_STANDARD_LIBRARIES = YES;
				BUNDLE_LOADER = "$(TEST_HOST)";
				CODE_SIGN_STYLE = Automatic;
				DEVELOPMENT_TEAM = TG4L9MF5FD;
				INFOPLIST_FILE = "Chat-TestTests/Info.plist";
				IPHONEOS_DEPLOYMENT_TARGET = 14.0;
				LD_RUNPATH_SEARCH_PATHS = (
					"$(inherited)",
					"@executable_path/Frameworks",
					"@loader_path/Frameworks",
				);
				PRODUCT_BUNDLE_IDENTIFIER = "com.onceagain.Chat-TestTests";
				PRODUCT_NAME = "$(TARGET_NAME)";
				SWIFT_VERSION = 5.0;
				TARGETED_DEVICE_FAMILY = "1,2";
				TEST_HOST = "$(BUILT_PRODUCTS_DIR)/Chat-Test.app/Chat-Test";
			};
			name = Debug;
		};
		A56FFAF02528C04C00333312 /* Release */ = {
			isa = XCBuildConfiguration;
			baseConfigurationReference = 564FB25020D2E5F7CD29B23C /* Pods-Chat-TestTests.release.xcconfig */;
			buildSettings = {
				ALWAYS_EMBED_SWIFT_STANDARD_LIBRARIES = YES;
				BUNDLE_LOADER = "$(TEST_HOST)";
				CODE_SIGN_STYLE = Automatic;
				DEVELOPMENT_TEAM = TG4L9MF5FD;
				INFOPLIST_FILE = "Chat-TestTests/Info.plist";
				IPHONEOS_DEPLOYMENT_TARGET = 14.0;
				LD_RUNPATH_SEARCH_PATHS = (
					"$(inherited)",
					"@executable_path/Frameworks",
					"@loader_path/Frameworks",
				);
				PRODUCT_BUNDLE_IDENTIFIER = "com.onceagain.Chat-TestTests";
				PRODUCT_NAME = "$(TARGET_NAME)";
				SWIFT_VERSION = 5.0;
				TARGETED_DEVICE_FAMILY = "1,2";
				TEST_HOST = "$(BUILT_PRODUCTS_DIR)/Chat-Test.app/Chat-Test";
			};
			name = Release;
		};
		A56FFAF22528C04C00333312 /* Debug */ = {
			isa = XCBuildConfiguration;
			baseConfigurationReference = F55203DB2D6DFE72D99C0BA1 /* Pods-Chat-Test-Chat-TestUITests.debug.xcconfig */;
			buildSettings = {
				ALWAYS_EMBED_SWIFT_STANDARD_LIBRARIES = YES;
				CODE_SIGN_STYLE = Automatic;
				DEVELOPMENT_TEAM = TG4L9MF5FD;
				INFOPLIST_FILE = "Chat-TestUITests/Info.plist";
				LD_RUNPATH_SEARCH_PATHS = (
					"$(inherited)",
					"@executable_path/Frameworks",
					"@loader_path/Frameworks",
				);
				PRODUCT_BUNDLE_IDENTIFIER = "com.onceagain.Chat-TestUITests";
				PRODUCT_NAME = "$(TARGET_NAME)";
				SWIFT_VERSION = 5.0;
				TARGETED_DEVICE_FAMILY = "1,2";
				TEST_TARGET_NAME = "Chat-Test";
			};
			name = Debug;
		};
		A56FFAF32528C04C00333312 /* Release */ = {
			isa = XCBuildConfiguration;
			baseConfigurationReference = 4F86A89F4EE03A0A80C36FDE /* Pods-Chat-Test-Chat-TestUITests.release.xcconfig */;
			buildSettings = {
				ALWAYS_EMBED_SWIFT_STANDARD_LIBRARIES = YES;
				CODE_SIGN_STYLE = Automatic;
				DEVELOPMENT_TEAM = TG4L9MF5FD;
				INFOPLIST_FILE = "Chat-TestUITests/Info.plist";
				LD_RUNPATH_SEARCH_PATHS = (
					"$(inherited)",
					"@executable_path/Frameworks",
					"@loader_path/Frameworks",
				);
				PRODUCT_BUNDLE_IDENTIFIER = "com.onceagain.Chat-TestUITests";
				PRODUCT_NAME = "$(TARGET_NAME)";
				SWIFT_VERSION = 5.0;
				TARGETED_DEVICE_FAMILY = "1,2";
				TEST_TARGET_NAME = "Chat-Test";
			};
			name = Release;
		};
/* End XCBuildConfiguration section */

/* Begin XCConfigurationList section */
		A56FFABC2528C04A00333312 /* Build configuration list for PBXProject "Chat-Test" */ = {
			isa = XCConfigurationList;
			buildConfigurations = (
				A56FFAE92528C04C00333312 /* Debug */,
				A56FFAEA2528C04C00333312 /* Release */,
			);
			defaultConfigurationIsVisible = 0;
			defaultConfigurationName = Release;
		};
		A56FFAEB2528C04C00333312 /* Build configuration list for PBXNativeTarget "Chat-Test" */ = {
			isa = XCConfigurationList;
			buildConfigurations = (
				A56FFAEC2528C04C00333312 /* Debug */,
				A56FFAED2528C04C00333312 /* Release */,
			);
			defaultConfigurationIsVisible = 0;
			defaultConfigurationName = Release;
		};
		A56FFAEE2528C04C00333312 /* Build configuration list for PBXNativeTarget "Chat-TestTests" */ = {
			isa = XCConfigurationList;
			buildConfigurations = (
				A56FFAEF2528C04C00333312 /* Debug */,
				A56FFAF02528C04C00333312 /* Release */,
			);
			defaultConfigurationIsVisible = 0;
			defaultConfigurationName = Release;
		};
		A56FFAF12528C04C00333312 /* Build configuration list for PBXNativeTarget "Chat-TestUITests" */ = {
			isa = XCConfigurationList;
			buildConfigurations = (
				A56FFAF22528C04C00333312 /* Debug */,
				A56FFAF32528C04C00333312 /* Release */,
			);
			defaultConfigurationIsVisible = 0;
			defaultConfigurationName = Release;
		};
/* End XCConfigurationList section */
	};
	rootObject = A56FFAB92528C04A00333312 /* Project object */;
}
